
Microsoft Visual Studio Solution File, Format Version 12.00
# Visual Studio Version 16
VisualStudioVersion = 16.0.29025.244
MinimumVisualStudioVersion = 10.0.40219.1
Project("{FAE04EC0-301F-11D3-BF4B-00C04F79EFBC}") = "R", "R\R\R.csproj", "{68D6D332-3711-4C41-8307-293FA459FFA3}"
EndProject
Project("{FAE04EC0-301F-11D3-BF4B-00C04F79EFBC}") = "R.Android", "R\R.Android\R.Android.csproj", "{B8A9C9E8-6BD2-4857-9291-4775F40ECFE6}"
EndProject
Project("{FAE04EC0-301F-11D3-BF4B-00C04F79EFBC}") = "R.iOS", "R\R.iOS\R.iOS.csproj", "{21145ACF-74EF-45A3-A657-F60A838745EF}"
EndProject
Global
	GlobalSection(SolutionConfigurationPlatforms) = preSolution
		Ad-Hoc|Any CPU = Ad-Hoc|Any CPU
		Ad-Hoc|iPhone = Ad-Hoc|iPhone
		Ad-Hoc|iPhoneSimulator = Ad-Hoc|iPhoneSimulator
		AppStore|Any CPU = AppStore|Any CPU
		AppStore|iPhone = AppStore|iPhone
		AppStore|iPhoneSimulator = AppStore|iPhoneSimulator
		Debug|Any CPU = Debug|Any CPU
		Debug|iPhone = Debug|iPhone
		Debug|iPhoneSimulator = Debug|iPhoneSimulator
		Release|Any CPU = Release|Any CPU
		Release|iPhone = Release|iPhone
		Release|iPhoneSimulator = Release|iPhoneSimulator
	EndGlobalSection
	GlobalSection(ProjectConfigurationPlatforms) = postSolution
		{68D6D332-3711-4C41-8307-293FA459FFA3}.Ad-Hoc|Any CPU.ActiveCfg = Debug|Any CPU
		{68D6D332-3711-4C41-8307-293FA459FFA3}.Ad-Hoc|Any CPU.Build.0 = Debug|Any CPU
		{68D6D332-3711-4C41-8307-293FA459FFA3}.Ad-Hoc|iPhone.ActiveCfg = Debug|Any CPU
		{68D6D332-3711-4C41-8307-293FA459FFA3}.Ad-Hoc|iPhone.Build.0 = Debug|Any CPU
		{68D6D332-3711-4C41-8307-293FA459FFA3}.Ad-Hoc|iPhoneSimulator.ActiveCfg = Debug|Any CPU
		{68D6D332-3711-4C41-8307-293FA459FFA3}.Ad-Hoc|iPhoneSimulator.Build.0 = Debug|Any CPU
		{68D6D332-3711-4C41-8307-293FA459FFA3}.AppStore|Any CPU.ActiveCfg = Debug|Any CPU
		{68D6D332-3711-4C41-8307-293FA459FFA3}.AppStore|Any CPU.Build.0 = Debug|Any CPU
		{68D6D332-3711-4C41-8307-293FA459FFA3}.AppStore|iPhone.ActiveCfg = Debug|Any CPU
		{68D6D332-3711-4C41-8307-293FA459FFA3}.AppStore|iPhone.Build.0 = Debug|Any CPU
		{68D6D332-3711-4C41-8307-293FA459FFA3}.AppStore|iPhoneSimulator.ActiveCfg = Debug|Any CPU
		{68D6D332-3711-4C41-8307-293FA459FFA3}.AppStore|iPhoneSimulator.Build.0 = Debug|Any CPU
		{68D6D332-3711-4C41-8307-293FA459FFA3}.Debug|Any CPU.ActiveCfg = Debug|Any CPU
		{68D6D332-3711-4C41-8307-293FA459FFA3}.Debug|Any CPU.Build.0 = Debug|Any CPU
		{68D6D332-3711-4C41-8307-293FA459FFA3}.Debug|iPhone.ActiveCfg = Debug|Any CPU
		{68D6D332-3711-4C41-8307-293FA459FFA3}.Debug|iPhone.Build.0 = Debug|Any CPU
		{68D6D332-3711-4C41-8307-293FA459FFA3}.Debug|iPhoneSimulator.ActiveCfg = Debug|Any CPU
		{68D6D332-3711-4C41-8307-293FA459FFA3}.Debug|iPhoneSimulator.Build.0 = Debug|Any CPU
		{68D6D332-3711-4C41-8307-293FA459FFA3}.Release|Any CPU.ActiveCfg = Release|Any CPU
		{68D6D332-3711-4C41-8307-293FA459FFA3}.Release|Any CPU.Build.0 = Release|Any CPU
		{68D6D332-3711-4C41-8307-293FA459FFA3}.Release|iPhone.ActiveCfg = Release|Any CPU
		{68D6D332-3711-4C41-8307-293FA459FFA3}.Release|iPhone.Build.0 = Release|Any CPU
		{68D6D332-3711-4C41-8307-293FA459FFA3}.Release|iPhoneSimulator.ActiveCfg = Release|Any CPU
		{68D6D332-3711-4C41-8307-293FA459FFA3}.Release|iPhoneSimulator.Build.0 = Release|Any CPU
		{B8A9C9E8-6BD2-4857-9291-4775F40ECFE6}.Ad-Hoc|Any CPU.ActiveCfg = Release|Any CPU
		{B8A9C9E8-6BD2-4857-9291-4775F40ECFE6}.Ad-Hoc|Any CPU.Build.0 = Release|Any CPU
		{B8A9C9E8-6BD2-4857-9291-4775F40ECFE6}.Ad-Hoc|Any CPU.Deploy.0 = Release|Any CPU
		{B8A9C9E8-6BD2-4857-9291-4775F40ECFE6}.Ad-Hoc|iPhone.ActiveCfg = Release|Any CPU
		{B8A9C9E8-6BD2-4857-9291-4775F40ECFE6}.Ad-Hoc|iPhone.Build.0 = Release|Any CPU
		{B8A9C9E8-6BD2-4857-9291-4775F40ECFE6}.Ad-Hoc|iPhone.Deploy.0 = Release|Any CPU
		{B8A9C9E8-6BD2-4857-9291-4775F40ECFE6}.Ad-Hoc|iPhoneSimulator.ActiveCfg = Release|Any CPU
		{B8A9C9E8-6BD2-4857-9291-4775F40ECFE6}.Ad-Hoc|iPhoneSimulator.Build.0 = Release|Any CPU
		{B8A9C9E8-6BD2-4857-9291-4775F40ECFE6}.Ad-Hoc|iPhoneSimulator.Deploy.0 = Release|Any CPU
		{B8A9C9E8-6BD2-4857-9291-4775F40ECFE6}.AppStore|Any CPU.ActiveCfg = Release|Any CPU
		{B8A9C9E8-6BD2-4857-9291-4775F40ECFE6}.AppStore|Any CPU.Build.0 = Release|Any CPU
		{B8A9C9E8-6BD2-4857-9291-4775F40ECFE6}.AppStore|Any CPU.Deploy.0 = Release|Any CPU
		{B8A9C9E8-6BD2-4857-9291-4775F40ECFE6}.AppStore|iPhone.ActiveCfg = Release|Any CPU
		{B8A9C9E8-6BD2-4857-9291-4775F40ECFE6}.AppStore|iPhone.Build.0 = Release|Any CPU
		{B8A9C9E8-6BD2-4857-9291-4775F40ECFE6}.AppStore|iPhone.Deploy.0 = Release|Any CPU
		{B8A9C9E8-6BD2-4857-9291-4775F40ECFE6}.AppStore|iPhoneSimulator.ActiveCfg = Release|Any CPU
		{B8A9C9E8-6BD2-4857-9291-4775F40ECFE6}.AppStore|iPhoneSimulator.Build.0 = Release|Any CPU
		{B8A9C9E8-6BD2-4857-9291-4775F40ECFE6}.AppStore|iPhoneSimulator.Deploy.0 = Release|Any CPU
		{B8A9C9E8-6BD2-4857-9291-4775F40ECFE6}.Debug|Any CPU.ActiveCfg = Debug|Any CPU
		{B8A9C9E8-6BD2-4857-9291-4775F40ECFE6}.Debug|Any CPU.Build.0 = Debug|Any CPU
		{B8A9C9E8-6BD2-4857-9291-4775F40ECFE6}.Debug|Any CPU.Deploy.0 = Debug|Any CPU
		{B8A9C9E8-6BD2-4857-9291-4775F40ECFE6}.Debug|iPhone.ActiveCfg = Debug|Any CPU
		{B8A9C9E8-6BD2-4857-9291-4775F40ECFE6}.Debug|iPhone.Build.0 = Debug|Any CPU
		{B8A9C9E8-6BD2-4857-9291-4775F40ECFE6}.Debug|iPhone.Deploy.0 = Debug|Any CPU
		{B8A9C9E8-6BD2-4857-9291-4775F40ECFE6}.Debug|iPhoneSimulator.ActiveCfg = Debug|Any CPU
		{B8A9C9E8-6BD2-4857-9291-4775F40ECFE6}.Debug|iPhoneSimulator.Build.0 = Debug|Any CPU
		{B8A9C9E8-6BD2-4857-9291-4775F40ECFE6}.Debug|iPhoneSimulator.Deploy.0 = Debug|Any CPU
		{B8A9C9E8-6BD2-4857-9291-4775F40ECFE6}.Release|Any CPU.ActiveCfg = Release|Any CPU
		{B8A9C9E8-6BD2-4857-9291-4775F40ECFE6}.Release|Any CPU.Build.0 = Release|Any CPU
		{B8A9C9E8-6BD2-4857-9291-4775F40ECFE6}.Release|Any CPU.Deploy.0 = Release|Any CPU
		{B8A9C9E8-6BD2-4857-9291-4775F40ECFE6}.Release|iPhone.ActiveCfg = Release|Any CPU
		{B8A9C9E8-6BD2-4857-9291-4775F40ECFE6}.Release|iPhone.Build.0 = Release|Any CPU
		{B8A9C9E8-6BD2-4857-9291-4775F40ECFE6}.Release|iPhone.Deploy.0 = Release|Any CPU
		{B8A9C9E8-6BD2-4857-9291-4775F40ECFE6}.Release|iPhoneSimulator.ActiveCfg = Release|Any CPU
		{B8A9C9E8-6BD2-4857-9291-4775F40ECFE6}.Release|iPhoneSimulator.Build.0 = Release|Any CPU
		{B8A9C9E8-6BD2-4857-9291-4775F40ECFE6}.Release|iPhoneSimulator.Deploy.0 = Release|Any CPU
		{21145ACF-74EF-45A3-A657-F60A838745EF}.Ad-Hoc|Any CPU.ActiveCfg = Ad-Hoc|iPhone
		{21145ACF-74EF-45A3-A657-F60A838745EF}.Ad-Hoc|iPhone.ActiveCfg = Ad-Hoc|iPhone
		{21145ACF-74EF-45A3-A657-F60A838745EF}.Ad-Hoc|iPhone.Build.0 = Ad-Hoc|iPhone
		{21145ACF-74EF-45A3-A657-F60A838745EF}.Ad-Hoc|iPhoneSimulator.ActiveCfg = Ad-Hoc|iPhoneSimulator
		{21145ACF-74EF-45A3-A657-F60A838745EF}.Ad-Hoc|iPhoneSimulator.Build.0 = Ad-Hoc|iPhoneSimulator
		{21145ACF-74EF-45A3-A657-F60A838745EF}.AppStore|Any CPU.ActiveCfg = AppStore|iPhone
		{21145ACF-74EF-45A3-A657-F60A838745EF}.AppStore|iPhone.ActiveCfg = AppStore|iPhone
		{21145ACF-74EF-45A3-A657-F60A838745EF}.AppStore|iPhone.Build.0 = AppStore|iPhone
		{21145ACF-74EF-45A3-A657-F60A838745EF}.AppStore|iPhoneSimulator.ActiveCfg = AppStore|iPhoneSimulator
		{21145ACF-74EF-45A3-A657-F60A838745EF}.AppStore|iPhoneSimulator.Build.0 = AppStore|iPhoneSimulator
		{21145ACF-74EF-45A3-A657-F60A838745EF}.Debug|Any CPU.ActiveCfg = Debug|iPhone
		{21145ACF-74EF-45A3-A657-F60A838745EF}.Debug|iPhone.ActiveCfg = Debug|iPhone
		{21145ACF-74EF-45A3-A657-F60A838745EF}.Debug|iPhone.Build.0 = Debug|iPhone
		{21145ACF-74EF-45A3-A657-F60A838745EF}.Debug|iPhoneSimulator.ActiveCfg = Debug|iPhoneSimulator
		{21145ACF-74EF-45A3-A657-F60A838745EF}.Debug|iPhoneSimulator.Build.0 = Debug|iPhoneSimulator
		{21145ACF-74EF-45A3-A657-F60A838745EF}.Release|Any CPU.ActiveCfg = Release|iPhone
		{21145ACF-74EF-45A3-A657-F60A838745EF}.Release|iPhone.ActiveCfg = Release|iPhone
		{21145ACF-74EF-45A3-A657-F60A838745EF}.Release|iPhone.Build.0 = Release|iPhone
		{21145ACF-74EF-45A3-A657-F60A838745EF}.Release|iPhoneSimulator.ActiveCfg = Release|iPhoneSimulator
		{21145ACF-74EF-45A3-A657-F60A838745EF}.Release|iPhoneSimulator.Build.0 = Release|iPhoneSimulator
	EndGlobalSection
	GlobalSection(SolutionProperties) = preSolution
		HideSolutionNode = FALSE
	EndGlobalSection
	GlobalSection(ExtensibilityGlobals) = postSolution
		SolutionGuid = {B7CD8723-E4D4-4AC0-B137-1BE788A75C05}
	EndGlobalSection
EndGlobal
